
Microsoft Visual Studio Solution File, Format Version 12.00
# Visual Studio Version 16
VisualStudioVersion = 16.0.29230.47
MinimumVisualStudioVersion = 10.0.40219.1
Project("{9A19103F-16F7-4668-BE54-9A1E7A4F7556}") = "Kia.KomakYad.DataAccess", "Kia.KomakYad.DataAccess\Kia.KomakYad.DataAccess.csproj", "{E27F3CB0-EC63-424E-9C28-0E840D7FDF53}"
EndProject
Project("{9A19103F-16F7-4668-BE54-9A1E7A4F7556}") = "Kia.KomakYad.Api", "Kia.KomakYad.Api\Kia.KomakYad.Api.csproj", "{D90E810B-43EA-4CA4-B85F-DC20F1C36A24}"
EndProject
Project("{9A19103F-16F7-4668-BE54-9A1E7A4F7556}") = "Kia.KomakYad.Domain", "Kia.KomakYad.Domain\Kia.KomakYad.Domain.csproj", "{F84277F6-A3F0-4B89-A101-C97E0C52861F}"
EndProject
Project("{9A19103F-16F7-4668-BE54-9A1E7A4F7556}") = "Kia.KomakYad.Common", "Kia.KomakYad.Common\Kia.KomakYad.Common.csproj", "{D9049BB3-48C4-4737-A82F-316FEFFCB7B8}"
EndProject
Project("{9A19103F-16F7-4668-BE54-9A1E7A4F7556}") = "Kia.KomakYad.Tests", "Kia.KomakYad.Tests\Kia.KomakYad.Tests.csproj", "{3D87DFBB-F9DB-4297-AE26-D3F01DE7E37F}"
EndProject
Project("{FAE04EC0-301F-11D3-BF4B-00C04F79EFBC}") = "Kia.KomakYad.Tools.Migrations", "Kia.KomakYad.Tools.Migrations\Kia.KomakYad.Tools.Migrations.csproj", "{578C3D83-E945-4DD1-8A4A-1C8E3B5149E6}"
EndProject
Global
	GlobalSection(SolutionConfigurationPlatforms) = preSolution
		Debug|Any CPU = Debug|Any CPU
		Release|Any CPU = Release|Any CPU
	EndGlobalSection
	GlobalSection(ProjectConfigurationPlatforms) = postSolution
		{E27F3CB0-EC63-424E-9C28-0E840D7FDF53}.Debug|Any CPU.ActiveCfg = Debug|Any CPU
		{E27F3CB0-EC63-424E-9C28-0E840D7FDF53}.Debug|Any CPU.Build.0 = Debug|Any CPU
		{E27F3CB0-EC63-424E-9C28-0E840D7FDF53}.Release|Any CPU.ActiveCfg = Release|Any CPU
		{E27F3CB0-EC63-424E-9C28-0E840D7FDF53}.Release|Any CPU.Build.0 = Release|Any CPU
		{D90E810B-43EA-4CA4-B85F-DC20F1C36A24}.Debug|Any CPU.ActiveCfg = Debug|Any CPU
		{D90E810B-43EA-4CA4-B85F-DC20F1C36A24}.Debug|Any CPU.Build.0 = Debug|Any CPU
		{D90E810B-43EA-4CA4-B85F-DC20F1C36A24}.Release|Any CPU.ActiveCfg = Release|Any CPU
		{D90E810B-43EA-4CA4-B85F-DC20F1C36A24}.Release|Any CPU.Build.0 = Release|Any CPU
		{F84277F6-A3F0-4B89-A101-C97E0C52861F}.Debug|Any CPU.ActiveCfg = Debug|Any CPU
		{F84277F6-A3F0-4B89-A101-C97E0C52861F}.Debug|Any CPU.Build.0 = Debug|Any CPU
		{F84277F6-A3F0-4B89-A101-C97E0C52861F}.Release|Any CPU.ActiveCfg = Release|Any CPU
		{F84277F6-A3F0-4B89-A101-C97E0C52861F}.Release|Any CPU.Build.0 = Release|Any CPU
		{D9049BB3-48C4-4737-A82F-316FEFFCB7B8}.Debug|Any CPU.ActiveCfg = Debug|Any CPU
		{D9049BB3-48C4-4737-A82F-316FEFFCB7B8}.Debug|Any CPU.Build.0 = Debug|Any CPU
		{D9049BB3-48C4-4737-A82F-316FEFFCB7B8}.Release|Any CPU.ActiveCfg = Release|Any CPU
		{D9049BB3-48C4-4737-A82F-316FEFFCB7B8}.Release|Any CPU.Build.0 = Release|Any CPU
		{3D87DFBB-F9DB-4297-AE26-D3F01DE7E37F}.Debug|Any CPU.ActiveCfg = Debug|Any CPU
		{3D87DFBB-F9DB-4297-AE26-D3F01DE7E37F}.Debug|Any CPU.Build.0 = Debug|Any CPU
		{3D87DFBB-F9DB-4297-AE26-D3F01DE7E37F}.Release|Any CPU.ActiveCfg = Release|Any CPU
		{3D87DFBB-F9DB-4297-AE26-D3F01DE7E37F}.Release|Any CPU.Build.0 = Release|Any CPU
		{578C3D83-E945-4DD1-8A4A-1C8E3B5149E6}.Debug|Any CPU.ActiveCfg = Debug|Any CPU
		{578C3D83-E945-4DD1-8A4A-1C8E3B5149E6}.Debug|Any CPU.Build.0 = Debug|Any CPU
		{578C3D83-E945-4DD1-8A4A-1C8E3B5149E6}.Release|Any CPU.ActiveCfg = Release|Any CPU
		{578C3D83-E945-4DD1-8A4A-1C8E3B5149E6}.Release|Any CPU.Build.0 = Release|Any CPU
	EndGlobalSection
	GlobalSection(SolutionProperties) = preSolution
		HideSolutionNode = FALSE
	EndGlobalSection
	GlobalSection(ExtensibilityGlobals) = postSolution
		SolutionGuid = {223FE0E7-751E-4738-BFB6-BED56F6136F1}
	EndGlobalSection
EndGlobal
